
Microsoft Visual Studio Solution File, Format Version 12.00
Project("{FAE04EC0-301F-11D3-BF4B-00C04F79EFBC}") = "RestApiLearn", "RestApiLearn\RestApiLearn.csproj", "{762BD2FE-4B58-4D5E-B3CB-59B446AFE3D8}"
EndProject
Global
	GlobalSection(SolutionConfigurationPlatforms) = preSolution
		Debug|Any CPU = Debug|Any CPU
		Release|Any CPU = Release|Any CPU
	EndGlobalSection
	GlobalSection(ProjectConfigurationPlatforms) = postSolution
		{762BD2FE-4B58-4D5E-B3CB-59B446AFE3D8}.Debug|Any CPU.ActiveCfg = Debug|Any CPU
		{762BD2FE-4B58-4D5E-B3CB-59B446AFE3D8}.Debug|Any CPU.Build.0 = Debug|Any CPU
		{762BD2FE-4B58-4D5E-B3CB-59B446AFE3D8}.Release|Any CPU.ActiveCfg = Release|Any CPU
		{762BD2FE-4B58-4D5E-B3CB-59B446AFE3D8}.Release|Any CPU.Build.0 = Release|Any CPU
	EndGlobalSection
EndGlobal
